// !$*UTF8*$!
{
	archiveVersion = 1;
	classes = {
	};
	objectVersion = 56;
	objects = {

/* Begin PBXBuildFile section */
		2D28E88929AD829000E78556 /* GlobalConstants.swift in Sources */ = {isa = PBXBuildFile; fileRef = 2D28E88829AD829000E78556 /* GlobalConstants.swift */; };
		2D28E88D29AD853100E78556 /* SettingsViewController.swift in Sources */ = {isa = PBXBuildFile; fileRef = 2D28E88C29AD853100E78556 /* SettingsViewController.swift */; };
		2DA5D01329AD44C100F49B9D /* SignupConfirmCodeViewController.swift in Sources */ = {isa = PBXBuildFile; fileRef = 2DA5D01229AD44C100F49B9D /* SignupConfirmCodeViewController.swift */; };
		2DA5D01529AD44E400F49B9D /* SignupEmailViewController.swift in Sources */ = {isa = PBXBuildFile; fileRef = 2DA5D01429AD44E400F49B9D /* SignupEmailViewController.swift */; };
		2DA5D01729AD44F400F49B9D /* SignupPasswordViewController.swift in Sources */ = {isa = PBXBuildFile; fileRef = 2DA5D01629AD44F400F49B9D /* SignupPasswordViewController.swift */; };
		2DC280BC29AA7EAA00BB5599 /* AppDelegate.swift in Sources */ = {isa = PBXBuildFile; fileRef = 2DC280BB29AA7EAA00BB5599 /* AppDelegate.swift */; };
		2DC280BE29AA7EAA00BB5599 /* SceneDelegate.swift in Sources */ = {isa = PBXBuildFile; fileRef = 2DC280BD29AA7EAA00BB5599 /* SceneDelegate.swift */; };
		2DC280C029AA7EAA00BB5599 /* ViewController.swift in Sources */ = {isa = PBXBuildFile; fileRef = 2DC280BF29AA7EAA00BB5599 /* ViewController.swift */; };
		2DC280C329AA7EAA00BB5599 /* Main.storyboard in Resources */ = {isa = PBXBuildFile; fileRef = 2DC280C129AA7EAA00BB5599 /* Main.storyboard */; };
		2DC280C529AA7EAD00BB5599 /* Assets.xcassets in Resources */ = {isa = PBXBuildFile; fileRef = 2DC280C429AA7EAD00BB5599 /* Assets.xcassets */; };
		2DC280C829AA7EAD00BB5599 /* LaunchScreen.storyboard in Resources */ = {isa = PBXBuildFile; fileRef = 2DC280C629AA7EAD00BB5599 /* LaunchScreen.storyboard */; };
		2DC280D229AA88FD00BB5599 /* RootViewController.swift in Sources */ = {isa = PBXBuildFile; fileRef = 2DC280D129AA88FD00BB5599 /* RootViewController.swift */; };
		2DC280D829AA9B0000BB5599 /* GoogleService-Info.plist in Resources */ = {isa = PBXBuildFile; fileRef = 2DC280D729AA9B0000BB5599 /* GoogleService-Info.plist */; };
		2DC280DA29AA9D1700BB5599 /* LoginViewController.swift in Sources */ = {isa = PBXBuildFile; fileRef = 2DC280D929AA9D1700BB5599 /* LoginViewController.swift */; };
		2DC280DE29AAB7BD00BB5599 /* FeatureViewController.swift in Sources */ = {isa = PBXBuildFile; fileRef = 2DC280DD29AAB7BD00BB5599 /* FeatureViewController.swift */; };
		2DC5EC7529ABC5EF0024B245 /* SignupPhoneNumberViewController.swift in Sources */ = {isa = PBXBuildFile; fileRef = 2DC5EC7429ABC5EF0024B245 /* SignupPhoneNumberViewController.swift */; };
		D758B07211019EB9959A90EE /* Pods_Research_App.framework in Frameworks */ = {isa = PBXBuildFile; fileRef = 3135821C4380931CF2391B76 /* Pods_Research_App.framework */; };
/* End PBXBuildFile section */

/* Begin PBXFileReference section */
		2D28E88829AD829000E78556 /* GlobalConstants.swift */ = {isa = PBXFileReference; lastKnownFileType = sourcecode.swift; path = GlobalConstants.swift; sourceTree = "<group>"; };
		2D28E88C29AD853100E78556 /* SettingsViewController.swift */ = {isa = PBXFileReference; lastKnownFileType = sourcecode.swift; path = SettingsViewController.swift; sourceTree = "<group>"; };
		2DA5D01229AD44C100F49B9D /* SignupConfirmCodeViewController.swift */ = {isa = PBXFileReference; lastKnownFileType = sourcecode.swift; path = SignupConfirmCodeViewController.swift; sourceTree = "<group>"; };
		2DA5D01429AD44E400F49B9D /* SignupEmailViewController.swift */ = {isa = PBXFileReference; lastKnownFileType = sourcecode.swift; path = SignupEmailViewController.swift; sourceTree = "<group>"; };
		2DA5D01629AD44F400F49B9D /* SignupPasswordViewController.swift */ = {isa = PBXFileReference; lastKnownFileType = sourcecode.swift; path = SignupPasswordViewController.swift; sourceTree = "<group>"; };
		2DB5C2C429AFB43600F89AA7 /* Research-App.entitlements */ = {isa = PBXFileReference; lastKnownFileType = text.plist.entitlements; path = "Research-App.entitlements"; sourceTree = "<group>"; };
		2DC280B829AA7EAA00BB5599 /* Research-App.app */ = {isa = PBXFileReference; explicitFileType = wrapper.application; includeInIndex = 0; path = "Research-App.app"; sourceTree = BUILT_PRODUCTS_DIR; };
		2DC280BB29AA7EAA00BB5599 /* AppDelegate.swift */ = {isa = PBXFileReference; lastKnownFileType = sourcecode.swift; path = AppDelegate.swift; sourceTree = "<group>"; };
		2DC280BD29AA7EAA00BB5599 /* SceneDelegate.swift */ = {isa = PBXFileReference; lastKnownFileType = sourcecode.swift; path = SceneDelegate.swift; sourceTree = "<group>"; };
		2DC280BF29AA7EAA00BB5599 /* ViewController.swift */ = {isa = PBXFileReference; lastKnownFileType = sourcecode.swift; path = ViewController.swift; sourceTree = "<group>"; };
		2DC280C229AA7EAA00BB5599 /* Base */ = {isa = PBXFileReference; lastKnownFileType = file.storyboard; name = Base; path = Base.lproj/Main.storyboard; sourceTree = "<group>"; };
		2DC280C429AA7EAD00BB5599 /* Assets.xcassets */ = {isa = PBXFileReference; lastKnownFileType = folder.assetcatalog; path = Assets.xcassets; sourceTree = "<group>"; };
		2DC280C729AA7EAD00BB5599 /* Base */ = {isa = PBXFileReference; lastKnownFileType = file.storyboard; name = Base; path = Base.lproj/LaunchScreen.storyboard; sourceTree = "<group>"; };
		2DC280C929AA7EAD00BB5599 /* Info.plist */ = {isa = PBXFileReference; lastKnownFileType = text.plist.xml; path = Info.plist; sourceTree = "<group>"; };
		2DC280D129AA88FD00BB5599 /* RootViewController.swift */ = {isa = PBXFileReference; lastKnownFileType = sourcecode.swift; path = RootViewController.swift; sourceTree = "<group>"; };
		2DC280D729AA9B0000BB5599 /* GoogleService-Info.plist */ = {isa = PBXFileReference; fileEncoding = 4; lastKnownFileType = text.plist.xml; name = "GoogleService-Info.plist"; path = "../../../Downloads/GoogleService-Info.plist"; sourceTree = "<group>"; };
		2DC280D929AA9D1700BB5599 /* LoginViewController.swift */ = {isa = PBXFileReference; lastKnownFileType = sourcecode.swift; path = LoginViewController.swift; sourceTree = "<group>"; };
		2DC280DD29AAB7BD00BB5599 /* FeatureViewController.swift */ = {isa = PBXFileReference; lastKnownFileType = sourcecode.swift; path = FeatureViewController.swift; sourceTree = "<group>"; };
		2DC5EC7429ABC5EF0024B245 /* SignupPhoneNumberViewController.swift */ = {isa = PBXFileReference; lastKnownFileType = sourcecode.swift; path = SignupPhoneNumberViewController.swift; sourceTree = "<group>"; };
		3135821C4380931CF2391B76 /* Pods_Research_App.framework */ = {isa = PBXFileReference; explicitFileType = wrapper.framework; includeInIndex = 0; path = Pods_Research_App.framework; sourceTree = BUILT_PRODUCTS_DIR; };
		7A4DAA03E390856BA25043BA /* Pods-Research-App.debug.xcconfig */ = {isa = PBXFileReference; includeInIndex = 1; lastKnownFileType = text.xcconfig; name = "Pods-Research-App.debug.xcconfig"; path = "Target Support Files/Pods-Research-App/Pods-Research-App.debug.xcconfig"; sourceTree = "<group>"; };
		BE5BCA9B6EDE5AD0C4F2F296 /* Pods-Research-App.release.xcconfig */ = {isa = PBXFileReference; includeInIndex = 1; lastKnownFileType = text.xcconfig; name = "Pods-Research-App.release.xcconfig"; path = "Target Support Files/Pods-Research-App/Pods-Research-App.release.xcconfig"; sourceTree = "<group>"; };
/* End PBXFileReference section */

/* Begin PBXFrameworksBuildPhase section */
		2DC280B529AA7EAA00BB5599 /* Frameworks */ = {
			isa = PBXFrameworksBuildPhase;
			buildActionMask = 2147483647;
			files = (
				D758B07211019EB9959A90EE /* Pods_Research_App.framework in Frameworks */,
			);
			runOnlyForDeploymentPostprocessing = 0;
		};
/* End PBXFrameworksBuildPhase section */

/* Begin PBXGroup section */
		1EF26D882AC52E8DA582C5EC /* Frameworks */ = {
			isa = PBXGroup;
			children = (
				3135821C4380931CF2391B76 /* Pods_Research_App.framework */,
			);
			name = Frameworks;
			sourceTree = "<group>";
		};
		2D28E88A29AD84F000E78556 /* Settings */ = {
			isa = PBXGroup;
			children = (
				2D28E88C29AD853100E78556 /* SettingsViewController.swift */,
			);
			path = Settings;
			sourceTree = "<group>";
		};
		2D28E88B29AD851100E78556 /* Root */ = {
			isa = PBXGroup;
			children = (
				2DC280D129AA88FD00BB5599 /* RootViewController.swift */,
			);
			path = Root;
			sourceTree = "<group>";
		};
		2DC280AF29AA7EAA00BB5599 = {
			isa = PBXGroup;
			children = (
				2DC280BA29AA7EAA00BB5599 /* Research-App */,
				2DC280B929AA7EAA00BB5599 /* Products */,
				7784AC323FA57FD3A712E65F /* Pods */,
				1EF26D882AC52E8DA582C5EC /* Frameworks */,
			);
			sourceTree = "<group>";
		};
		2DC280B929AA7EAA00BB5599 /* Products */ = {
			isa = PBXGroup;
			children = (
				2DC280B829AA7EAA00BB5599 /* Research-App.app */,
			);
			name = Products;
			sourceTree = "<group>";
		};
		2DC280BA29AA7EAA00BB5599 /* Research-App */ = {
			isa = PBXGroup;
			children = (
				2DB5C2C429AFB43600F89AA7 /* Research-App.entitlements */,
				2D28E88B29AD851100E78556 /* Root */,
				2DC280DB29AAB77100BB5599 /* Onboarding */,
				2DC280DC29AAB78B00BB5599 /* Feature */,
				2D28E88A29AD84F000E78556 /* Settings */,
				2DC280BB29AA7EAA00BB5599 /* AppDelegate.swift */,
				2DC280BD29AA7EAA00BB5599 /* SceneDelegate.swift */,
				2DC280BF29AA7EAA00BB5599 /* ViewController.swift */,
				2DC280C129AA7EAA00BB5599 /* Main.storyboard */,
				2DC280C629AA7EAD00BB5599 /* LaunchScreen.storyboard */,
				2DC280C429AA7EAD00BB5599 /* Assets.xcassets */,
				2DC280C929AA7EAD00BB5599 /* Info.plist */,
				2DC280D729AA9B0000BB5599 /* GoogleService-Info.plist */,
			);
			path = "Research-App";
			sourceTree = "<group>";
		};
		2DC280DB29AAB77100BB5599 /* Onboarding */ = {
			isa = PBXGroup;
			children = (
				2D28E88829AD829000E78556 /* GlobalConstants.swift */,
				2DC5EC7329ABC4600024B245 /* Signup Flow */,
				2DC280D929AA9D1700BB5599 /* LoginViewController.swift */,
			);
			path = Onboarding;
			sourceTree = "<group>";
		};
		2DC280DC29AAB78B00BB5599 /* Feature */ = {
			isa = PBXGroup;
			children = (
				2DC280DD29AAB7BD00BB5599 /* FeatureViewController.swift */,
			);
			path = Feature;
			sourceTree = "<group>";
		};
		2DC5EC7329ABC4600024B245 /* Signup Flow */ = {
			isa = PBXGroup;
			children = (
				2DC5EC7429ABC5EF0024B245 /* SignupPhoneNumberViewController.swift */,
				2DA5D01229AD44C100F49B9D /* SignupConfirmCodeViewController.swift */,
				2DA5D01429AD44E400F49B9D /* SignupEmailViewController.swift */,
				2DA5D01629AD44F400F49B9D /* SignupPasswordViewController.swift */,
			);
			path = "Signup Flow";
			sourceTree = "<group>";
		};
		7784AC323FA57FD3A712E65F /* Pods */ = {
			isa = PBXGroup;
			children = (
				7A4DAA03E390856BA25043BA /* Pods-Research-App.debug.xcconfig */,
				BE5BCA9B6EDE5AD0C4F2F296 /* Pods-Research-App.release.xcconfig */,
			);
			path = Pods;
			sourceTree = "<group>";
		};
/* End PBXGroup section */

/* Begin PBXNativeTarget section */
		2DC280B729AA7EAA00BB5599 /* Research-App */ = {
			isa = PBXNativeTarget;
			buildConfigurationList = 2DC280CC29AA7EAD00BB5599 /* Build configuration list for PBXNativeTarget "Research-App" */;
			buildPhases = (
				D3C8A12AC4CA004AAE0A7C32 /* [CP] Check Pods Manifest.lock */,
				2DC280B429AA7EAA00BB5599 /* Sources */,
				2DC280B529AA7EAA00BB5599 /* Frameworks */,
				2DC280B629AA7EAA00BB5599 /* Resources */,
				60DB95E87C9EC515C3A6273E /* [CP] Embed Pods Frameworks */,
			);
			buildRules = (
			);
			dependencies = (
			);
			name = "Research-App";
			productName = "Research-App";
			productReference = 2DC280B829AA7EAA00BB5599 /* Research-App.app */;
			productType = "com.apple.product-type.application";
		};
/* End PBXNativeTarget section */

/* Begin PBXProject section */
		2DC280B029AA7EAA00BB5599 /* Project object */ = {
			isa = PBXProject;
			attributes = {
				BuildIndependentTargetsInParallel = 1;
				LastSwiftUpdateCheck = 1420;
				LastUpgradeCheck = 1420;
				TargetAttributes = {
					2DC280B729AA7EAA00BB5599 = {
						CreatedOnToolsVersion = 14.2;
					};
				};
			};
			buildConfigurationList = 2DC280B329AA7EAA00BB5599 /* Build configuration list for PBXProject "Research-App" */;
			compatibilityVersion = "Xcode 14.0";
			developmentRegion = en;
			hasScannedForEncodings = 0;
			knownRegions = (
				en,
				Base,
			);
			mainGroup = 2DC280AF29AA7EAA00BB5599;
			productRefGroup = 2DC280B929AA7EAA00BB5599 /* Products */;
			projectDirPath = "";
			projectRoot = "";
			targets = (
				2DC280B729AA7EAA00BB5599 /* Research-App */,
			);
		};
/* End PBXProject section */

/* Begin PBXResourcesBuildPhase section */
		2DC280B629AA7EAA00BB5599 /* Resources */ = {
			isa = PBXResourcesBuildPhase;
			buildActionMask = 2147483647;
			files = (
				2DC280C829AA7EAD00BB5599 /* LaunchScreen.storyboard in Resources */,
				2DC280D829AA9B0000BB5599 /* GoogleService-Info.plist in Resources */,
				2DC280C529AA7EAD00BB5599 /* Assets.xcassets in Resources */,
				2DC280C329AA7EAA00BB5599 /* Main.storyboard in Resources */,
			);
			runOnlyForDeploymentPostprocessing = 0;
		};
/* End PBXResourcesBuildPhase section */

/* Begin PBXShellScriptBuildPhase section */
		60DB95E87C9EC515C3A6273E /* [CP] Embed Pods Frameworks */ = {
			isa = PBXShellScriptBuildPhase;
			buildActionMask = 2147483647;
			files = (
			);
			inputFileListPaths = (
				"${PODS_ROOT}/Target Support Files/Pods-Research-App/Pods-Research-App-frameworks-${CONFIGURATION}-input-files.xcfilelist",
			);
			name = "[CP] Embed Pods Frameworks";
			outputFileListPaths = (
				"${PODS_ROOT}/Target Support Files/Pods-Research-App/Pods-Research-App-frameworks-${CONFIGURATION}-output-files.xcfilelist",
			);
			runOnlyForDeploymentPostprocessing = 0;
			shellPath = /bin/sh;
			shellScript = "\"${PODS_ROOT}/Target Support Files/Pods-Research-App/Pods-Research-App-frameworks.sh\"\n";
			showEnvVarsInLog = 0;
		};
		D3C8A12AC4CA004AAE0A7C32 /* [CP] Check Pods Manifest.lock */ = {
			isa = PBXShellScriptBuildPhase;
			buildActionMask = 2147483647;
			files = (
			);
			inputFileListPaths = (
			);
			inputPaths = (
				"${PODS_PODFILE_DIR_PATH}/Podfile.lock",
				"${PODS_ROOT}/Manifest.lock",
			);
			name = "[CP] Check Pods Manifest.lock";
			outputFileListPaths = (
			);
			outputPaths = (
				"$(DERIVED_FILE_DIR)/Pods-Research-App-checkManifestLockResult.txt",
			);
			runOnlyForDeploymentPostprocessing = 0;
			shellPath = /bin/sh;
			shellScript = "diff \"${PODS_PODFILE_DIR_PATH}/Podfile.lock\" \"${PODS_ROOT}/Manifest.lock\" > /dev/null\nif [ $? != 0 ] ; then\n    # print error to STDERR\n    echo \"error: The sandbox is not in sync with the Podfile.lock. Run 'pod install' or update your CocoaPods installation.\" >&2\n    exit 1\nfi\n# This output is used by Xcode 'outputs' to avoid re-running this script phase.\necho \"SUCCESS\" > \"${SCRIPT_OUTPUT_FILE_0}\"\n";
			showEnvVarsInLog = 0;
		};
/* End PBXShellScriptBuildPhase section */

/* Begin PBXSourcesBuildPhase section */
		2DC280B429AA7EAA00BB5599 /* Sources */ = {
			isa = PBXSourcesBuildPhase;
			buildActionMask = 2147483647;
			files = (
				2DA5D01329AD44C100F49B9D /* SignupConfirmCodeViewController.swift in Sources */,
				2DC5EC7529ABC5EF0024B245 /* SignupPhoneNumberViewController.swift in Sources */,
				2DA5D01729AD44F400F49B9D /* SignupPasswordViewController.swift in Sources */,
				2DC280DA29AA9D1700BB5599 /* LoginViewController.swift in Sources */,
				2DC280DE29AAB7BD00BB5599 /* FeatureViewController.swift in Sources */,
				2DC280C029AA7EAA00BB5599 /* ViewController.swift in Sources */,
				2D28E88929AD829000E78556 /* GlobalConstants.swift in Sources */,
				2DA5D01529AD44E400F49B9D /* SignupEmailViewController.swift in Sources */,
				2DC280BC29AA7EAA00BB5599 /* AppDelegate.swift in Sources */,
				2D28E88D29AD853100E78556 /* SettingsViewController.swift in Sources */,
				2DC280D229AA88FD00BB5599 /* RootViewController.swift in Sources */,
				2DC280BE29AA7EAA00BB5599 /* SceneDelegate.swift in Sources */,
			);
			runOnlyForDeploymentPostprocessing = 0;
		};
/* End PBXSourcesBuildPhase section */

/* Begin PBXVariantGroup section */
		2DC280C129AA7EAA00BB5599 /* Main.storyboard */ = {
			isa = PBXVariantGroup;
			children = (
				2DC280C229AA7EAA00BB5599 /* Base */,
			);
			name = Main.storyboard;
			sourceTree = "<group>";
		};
		2DC280C629AA7EAD00BB5599 /* LaunchScreen.storyboard */ = {
			isa = PBXVariantGroup;
			children = (
				2DC280C729AA7EAD00BB5599 /* Base */,
			);
			name = LaunchScreen.storyboard;
			sourceTree = "<group>";
		};
/* End PBXVariantGroup section */

/* Begin XCBuildConfiguration section */
		2DC280CA29AA7EAD00BB5599 /* Debug */ = {
			isa = XCBuildConfiguration;
			buildSettings = {
				ALWAYS_SEARCH_USER_PATHS = NO;
				CLANG_ANALYZER_NONNULL = YES;
				CLANG_ANALYZER_NUMBER_OBJECT_CONVERSION = YES_AGGRESSIVE;
				CLANG_CXX_LANGUAGE_STANDARD = "gnu++20";
				CLANG_ENABLE_MODULES = YES;
				CLANG_ENABLE_OBJC_ARC = YES;
				CLANG_ENABLE_OBJC_WEAK = YES;
				CLANG_WARN_BLOCK_CAPTURE_AUTORELEASING = YES;
				CLANG_WARN_BOOL_CONVERSION = YES;
				CLANG_WARN_COMMA = YES;
				CLANG_WARN_CONSTANT_CONVERSION = YES;
				CLANG_WARN_DEPRECATED_OBJC_IMPLEMENTATIONS = YES;
				CLANG_WARN_DIRECT_OBJC_ISA_USAGE = YES_ERROR;
				CLANG_WARN_DOCUMENTATION_COMMENTS = YES;
				CLANG_WARN_EMPTY_BODY = YES;
				CLANG_WARN_ENUM_CONVERSION = YES;
				CLANG_WARN_INFINITE_RECURSION = YES;
				CLANG_WARN_INT_CONVERSION = YES;
				CLANG_WARN_NON_LITERAL_NULL_CONVERSION = YES;
				CLANG_WARN_OBJC_IMPLICIT_RETAIN_SELF = YES;
				CLANG_WARN_OBJC_LITERAL_CONVERSION = YES;
				CLANG_WARN_OBJC_ROOT_CLASS = YES_ERROR;
				CLANG_WARN_QUOTED_INCLUDE_IN_FRAMEWORK_HEADER = YES;
				CLANG_WARN_RANGE_LOOP_ANALYSIS = YES;
				CLANG_WARN_STRICT_PROTOTYPES = YES;
				CLANG_WARN_SUSPICIOUS_MOVE = YES;
				CLANG_WARN_UNGUARDED_AVAILABILITY = YES_AGGRESSIVE;
				CLANG_WARN_UNREACHABLE_CODE = YES;
				CLANG_WARN__DUPLICATE_METHOD_MATCH = YES;
				COPY_PHASE_STRIP = NO;
				DEBUG_INFORMATION_FORMAT = dwarf;
				ENABLE_STRICT_OBJC_MSGSEND = YES;
				ENABLE_TESTABILITY = YES;
				GCC_C_LANGUAGE_STANDARD = gnu11;
				GCC_DYNAMIC_NO_PIC = NO;
				GCC_NO_COMMON_BLOCKS = YES;
				GCC_OPTIMIZATION_LEVEL = 0;
				GCC_PREPROCESSOR_DEFINITIONS = (
					"DEBUG=1",
					"$(inherited)",
				);
				GCC_WARN_64_TO_32_BIT_CONVERSION = YES;
				GCC_WARN_ABOUT_RETURN_TYPE = YES_ERROR;
				GCC_WARN_UNDECLARED_SELECTOR = YES;
				GCC_WARN_UNINITIALIZED_AUTOS = YES_AGGRESSIVE;
				GCC_WARN_UNUSED_FUNCTION = YES;
				GCC_WARN_UNUSED_VARIABLE = YES;
				IPHONEOS_DEPLOYMENT_TARGET = 16.2;
				MTL_ENABLE_DEBUG_INFO = INCLUDE_SOURCE;
				MTL_FAST_MATH = YES;
				ONLY_ACTIVE_ARCH = YES;
				SDKROOT = iphoneos;
				SWIFT_ACTIVE_COMPILATION_CONDITIONS = DEBUG;
				SWIFT_OPTIMIZATION_LEVEL = "-Onone";
			};
			name = Debug;
		};
		2DC280CB29AA7EAD00BB5599 /* Release */ = {
			isa = XCBuildConfiguration;
			buildSettings = {
				ALWAYS_SEARCH_USER_PATHS = NO;
				CLANG_ANALYZER_NONNULL = YES;
				CLANG_ANALYZER_NUMBER_OBJECT_CONVERSION = YES_AGGRESSIVE;
				CLANG_CXX_LANGUAGE_STANDARD = "gnu++20";
				CLANG_ENABLE_MODULES = YES;
				CLANG_ENABLE_OBJC_ARC = YES;
				CLANG_ENABLE_OBJC_WEAK = YES;
				CLANG_WARN_BLOCK_CAPTURE_AUTORELEASING = YES;
				CLANG_WARN_BOOL_CONVERSION = YES;
				CLANG_WARN_COMMA = YES;
				CLANG_WARN_CONSTANT_CONVERSION = YES;
				CLANG_WARN_DEPRECATED_OBJC_IMPLEMENTATIONS = YES;
				CLANG_WARN_DIRECT_OBJC_ISA_USAGE = YES_ERROR;
				CLANG_WARN_DOCUMENTATION_COMMENTS = YES;
				CLANG_WARN_EMPTY_BODY = YES;
				CLANG_WARN_ENUM_CONVERSION = YES;
				CLANG_WARN_INFINITE_RECURSION = YES;
				CLANG_WARN_INT_CONVERSION = YES;
				CLANG_WARN_NON_LITERAL_NULL_CONVERSION = YES;
				CLANG_WARN_OBJC_IMPLICIT_RETAIN_SELF = YES;
				CLANG_WARN_OBJC_LITERAL_CONVERSION = YES;
				CLANG_WARN_OBJC_ROOT_CLASS = YES_ERROR;
				CLANG_WARN_QUOTED_INCLUDE_IN_FRAMEWORK_HEADER = YES;
				CLANG_WARN_RANGE_LOOP_ANALYSIS = YES;
				CLANG_WARN_STRICT_PROTOTYPES = YES;
				CLANG_WARN_SUSPICIOUS_MOVE = YES;
				CLANG_WARN_UNGUARDED_AVAILABILITY = YES_AGGRESSIVE;
				CLANG_WARN_UNREACHABLE_CODE = YES;
				CLANG_WARN__DUPLICATE_METHOD_MATCH = YES;
				COPY_PHASE_STRIP = NO;
				DEBUG_INFORMATION_FORMAT = "dwarf-with-dsym";
				ENABLE_NS_ASSERTIONS = NO;
				ENABLE_STRICT_OBJC_MSGSEND = YES;
				GCC_C_LANGUAGE_STANDARD = gnu11;
				GCC_NO_COMMON_BLOCKS = YES;
				GCC_WARN_64_TO_32_BIT_CONVERSION = YES;
				GCC_WARN_ABOUT_RETURN_TYPE = YES_ERROR;
				GCC_WARN_UNDECLARED_SELECTOR = YES;
				GCC_WARN_UNINITIALIZED_AUTOS = YES_AGGRESSIVE;
				GCC_WARN_UNUSED_FUNCTION = YES;
				GCC_WARN_UNUSED_VARIABLE = YES;
				IPHONEOS_DEPLOYMENT_TARGET = 16.2;
				MTL_ENABLE_DEBUG_INFO = NO;
				MTL_FAST_MATH = YES;
				SDKROOT = iphoneos;
				SWIFT_COMPILATION_MODE = wholemodule;
				SWIFT_OPTIMIZATION_LEVEL = "-O";
				VALIDATE_PRODUCT = YES;
			};
			name = Release;
		};
		2DC280CD29AA7EAD00BB5599 /* Debug */ = {
			isa = XCBuildConfiguration;
			baseConfigurationReference = 7A4DAA03E390856BA25043BA /* Pods-Research-App.debug.xcconfig */;
			buildSettings = {
				ASSETCATALOG_COMPILER_APPICON_NAME = AppIcon;
				ASSETCATALOG_COMPILER_GLOBAL_ACCENT_COLOR_NAME = AccentColor;
				CODE_SIGN_ENTITLEMENTS = "Research-App/Research-App.entitlements";
				CODE_SIGN_IDENTITY = "Apple Development";
				CODE_SIGN_STYLE = Automatic;
				CURRENT_PROJECT_VERSION = 1;
				DEVELOPMENT_TEAM = 34X4H4T2H3;
				GENERATE_INFOPLIST_FILE = YES;
				INFOPLIST_FILE = "Research-App/Info.plist";
				INFOPLIST_KEY_UIApplicationSupportsIndirectInputEvents = YES;
				INFOPLIST_KEY_UILaunchStoryboardName = LaunchScreen;
				INFOPLIST_KEY_UIMainStoryboardFile = Main;
				INFOPLIST_KEY_UISupportedInterfaceOrientations = UIInterfaceOrientationPortrait;
				INFOPLIST_KEY_UISupportedInterfaceOrientations_iPad = "UIInterfaceOrientationLandscapeLeft UIInterfaceOrientationLandscapeRight UIInterfaceOrientationPortrait UIInterfaceOrientationPortraitUpsideDown";
				LD_RUNPATH_SEARCH_PATHS = (
					"$(inherited)",
					"@executable_path/Frameworks",
				);
				MARKETING_VERSION = 1.0;
				PRODUCT_BUNDLE_IDENTIFIER = "com.LeviHarris.Research-App";
				PRODUCT_NAME = "$(TARGET_NAME)";
				PROVISIONING_PROFILE_SPECIFIER = "";
				SUPPORTED_PLATFORMS = "iphoneos iphonesimulator";
				SUPPORTS_MACCATALYST = NO;
				SUPPORTS_MAC_DESIGNED_FOR_IPHONE_IPAD = NO;
				SWIFT_EMIT_LOC_STRINGS = YES;
				SWIFT_VERSION = 5.0;
				TARGETED_DEVICE_FAMILY = 1;
			};
			name = Debug;
		};
		2DC280CE29AA7EAD00BB5599 /* Release */ = {
			isa = XCBuildConfiguration;
			baseConfigurationReference = BE5BCA9B6EDE5AD0C4F2F296 /* Pods-Research-App.release.xcconfig */;
			buildSettings = {
				ASSETCATALOG_COMPILER_APPICON_NAME = AppIcon;
				ASSETCATALOG_COMPILER_GLOBAL_ACCENT_COLOR_NAME = AccentColor;
				CODE_SIGN_ENTITLEMENTS = "Research-App/Research-App.entitlements";
				CODE_SIGN_IDENTITY = "Apple Development";
				CODE_SIGN_STYLE = Automatic;
				CURRENT_PROJECT_VERSION = 1;
				DEVELOPMENT_TEAM = 34X4H4T2H3;
				GENERATE_INFOPLIST_FILE = YES;
				INFOPLIST_FILE = "Research-App/Info.plist";
				INFOPLIST_KEY_UIApplicationSupportsIndirectInputEvents = YES;
				INFOPLIST_KEY_UILaunchStoryboardName = LaunchScreen;
				INFOPLIST_KEY_UIMainStoryboardFile = Main;
				INFOPLIST_KEY_UISupportedInterfaceOrientations = UIInterfaceOrientationPortrait;
				INFOPLIST_KEY_UISupportedInterfaceOrientations_iPad = "UIInterfaceOrientationLandscapeLeft UIInterfaceOrientationLandscapeRight UIInterfaceOrientationPortrait UIInterfaceOrientationPortraitUpsideDown";
				LD_RUNPATH_SEARCH_PATHS = (
					"$(inherited)",
					"@executable_path/Frameworks",
				);
				MARKETING_VERSION = 1.0;
				PRODUCT_BUNDLE_IDENTIFIER = "com.LeviHarris.Research-App";
				PRODUCT_NAME = "$(TARGET_NAME)";
				PROVISIONING_PROFILE_SPECIFIER = "";
				SUPPORTED_PLATFORMS = "iphoneos iphonesimulator";
				SUPPORTS_MACCATALYST = NO;
				SUPPORTS_MAC_DESIGNED_FOR_IPHONE_IPAD = NO;
				SWIFT_EMIT_LOC_STRINGS = YES;
				SWIFT_VERSION = 5.0;
				TARGETED_DEVICE_FAMILY = 1;
			};
			name = Release;
		};
/* End XCBuildConfiguration section */

/* Begin XCConfigurationList section */
		2DC280B329AA7EAA00BB5599 /* Build configuration list for PBXProject "Research-App" */ = {
			isa = XCConfigurationList;
			buildConfigurations = (
				2DC280CA29AA7EAD00BB5599 /* Debug */,
				2DC280CB29AA7EAD00BB5599 /* Release */,
			);
			defaultConfigurationIsVisible = 0;
			defaultConfigurationName = Release;
		};
		2DC280CC29AA7EAD00BB5599 /* Build configuration list for PBXNativeTarget "Research-App" */ = {
			isa = XCConfigurationList;
			buildConfigurations = (
				2DC280CD29AA7EAD00BB5599 /* Debug */,
				2DC280CE29AA7EAD00BB5599 /* Release */,
			);
			defaultConfigurationIsVisible = 0;
			defaultConfigurationName = Release;
		};
/* End XCConfigurationList section */
	};
	rootObject = 2DC280B029AA7EAA00BB5599 /* Project object */;
}
